
Microsoft Visual Studio Solution File, Format Version 12.00
# Visual Studio Version 17
VisualStudioVersion = 17.8.34601.278
MinimumVisualStudioVersion = 10.0.40219.1
Project("{FAE04EC0-301F-11D3-BF4B-00C04F79EFBC}") = "SampleApi", "SampleApi/SampleApi.csproj", "{CBEA9EA4-ED02-47D1-9545-182BF3AEAB3B}"
EndProject
Global
	GlobalSection(SolutionConfigurationPlatforms) = preSolution
		Debug|Any CPU = Debug|Any CPU
		Release|Any CPU = Release|Any CPU
	EndGlobalSection
	GlobalSection(ProjectConfigurationPlatforms) = postSolution
		{CBEA9EA4-ED02-47D1-9545-182BF3AEAB3B}.Debug|Any CPU.ActiveCfg = Debug|Any CPU
		{CBEA9EA4-ED02-47D1-9545-182BF3AEAB3B}.Debug|Any CPU.Build.0 = Debug|Any CPU
		{CBEA9EA4-ED02-47D1-9545-182BF3AEAB3B}.Release|Any CPU.ActiveCfg = Release|Any CPU
		{CBEA9EA4-ED02-47D1-9545-182BF3AEAB3B}.Release|Any CPU.Build.0 = Release|Any CPU
	EndGlobalSection
	GlobalSection(SolutionProperties) = preSolution
		HideSolutionNode = FALSE
	EndGlobalSection
	GlobalSection(ExtensibilityGlobals) = postSolution
		SolutionGuid = {7B9F076C-7858-4FC1-BF05-F95481A803CF}
	EndGlobalSection
EndGlobal
